
Microsoft Visual Studio Solution File, Format Version 12.00
# Visual Studio 15
VisualStudioVersion = 15.0.28307.1062
MinimumVisualStudioVersion = 10.0.40219.1
Project("{8BC9CEB8-8B4A-11D0-8D11-00A0C91BC942}") = "TempConversion", "TempConversion\TempConversion.vcxproj", "{5321C304-33FC-48A9-B7BC-90D31ECBBC96}"
EndProject
Project("{8BC9CEB8-8B4A-11D0-8D11-00A0C91BC942}") = "ConversionUnitTest", "ConversionUnitTest\ConversionUnitTest.vcxproj", "{9AA81CEC-6C11-4030-A874-142CED80FEFE}"
EndProject
Global
	GlobalSection(SolutionConfigurationPlatforms) = preSolution
		Debug|x64 = Debug|x64
		Debug|x86 = Debug|x86
		Release|x64 = Release|x64
		Release|x86 = Release|x86
	EndGlobalSection
	GlobalSection(ProjectConfigurationPlatforms) = postSolution
		{5321C304-33FC-48A9-B7BC-90D31ECBBC96}.Debug|x64.ActiveCfg = Debug|x64
		{5321C304-33FC-48A9-B7BC-90D31ECBBC96}.Debug|x64.Build.0 = Debug|x64
		{5321C304-33FC-48A9-B7BC-90D31ECBBC96}.Debug|x86.ActiveCfg = Debug|Win32
		{5321C304-33FC-48A9-B7BC-90D31ECBBC96}.Debug|x86.Build.0 = Debug|Win32
		{5321C304-33FC-48A9-B7BC-90D31ECBBC96}.Release|x64.ActiveCfg = Release|x64
		{5321C304-33FC-48A9-B7BC-90D31ECBBC96}.Release|x64.Build.0 = Release|x64
		{5321C304-33FC-48A9-B7BC-90D31ECBBC96}.Release|x86.ActiveCfg = Release|Win32
		{5321C304-33FC-48A9-B7BC-90D31ECBBC96}.Release|x86.Build.0 = Release|Win32
		{9AA81CEC-6C11-4030-A874-142CED80FEFE}.Debug|x64.ActiveCfg = Debug|x64
		{9AA81CEC-6C11-4030-A874-142CED80FEFE}.Debug|x64.Build.0 = Debug|x64
		{9AA81CEC-6C11-4030-A874-142CED80FEFE}.Debug|x86.ActiveCfg = Debug|Win32
		{9AA81CEC-6C11-4030-A874-142CED80FEFE}.Debug|x86.Build.0 = Debug|Win32
		{9AA81CEC-6C11-4030-A874-142CED80FEFE}.Release|x64.ActiveCfg = Release|x64
		{9AA81CEC-6C11-4030-A874-142CED80FEFE}.Release|x64.Build.0 = Release|x64
		{9AA81CEC-6C11-4030-A874-142CED80FEFE}.Release|x86.ActiveCfg = Release|Win32
		{9AA81CEC-6C11-4030-A874-142CED80FEFE}.Release|x86.Build.0 = Release|Win32
	EndGlobalSection
	GlobalSection(SolutionProperties) = preSolution
		HideSolutionNode = FALSE
	EndGlobalSection
	GlobalSection(ExtensibilityGlobals) = postSolution
		SolutionGuid = {1A21F4B0-F6C7-4FC5-BB21-3D7359A2F935}
	EndGlobalSection
EndGlobal
